{
  "name": "qrcode-generation",
  "version": "1.0.0",
  "lockfileVersion": 2,
  "requires": true,
  "packages": {
    "": {
      "name": "qrcode-generation",
      "version": "1.0.0",
      "license": "ISC",
      "dependencies": {
        "@napi-rs/canvas": "^0.1.36"
      },
      "devDependencies": {
        "rollup": "^3.17.2"
      }
    },
    "node_modules/@napi-rs/canvas": {
      "version": "0.1.36",
      "resolved": "https://registry.npmjs.org/@napi-rs/canvas/-/canvas-0.1.36.tgz",
      "integrity": "sha512-jOrCoMVaBHL7v2053/QxasbqReoZ7P9DOq9jZ8D/M1sbKtuQoR2uRHsX35A8WMAm9yNdiAKgFwKswp3kkKf91w==",
      "engines": {
        "node": ">= 10"
      },
      "optionalDependencies": {
        "@napi-rs/canvas-android-arm64": "0.1.36",
        "@napi-rs/canvas-darwin-arm64": "0.1.36",
        "@napi-rs/canvas-darwin-x64": "0.1.36",
        "@napi-rs/canvas-linux-arm-gnueabihf": "0.1.36",
        "@napi-rs/canvas-linux-arm64-gnu": "0.1.36",
        "@napi-rs/canvas-linux-arm64-musl": "0.1.36",
        "@napi-rs/canvas-linux-x64-gnu": "0.1.36",
        "@napi-rs/canvas-linux-x64-musl": "0.1.36",
        "@napi-rs/canvas-win32-x64-msvc": "0.1.36"
      }
    },
    "node_modules/@napi-rs/canvas-android-arm64": {
      "version": "0.1.36",
      "resolved": "https://registry.npmjs.org/@napi-rs/canvas-android-arm64/-/canvas-android-arm64-0.1.36.tgz",
      "integrity": "sha512-kXlpdN/xMjqi6sOcXqgtYEKS5kAb9grneNG/xc5od5RqZ9SktTK+BG8cTkoLx9tbdk5ByHOXrcaY1ckkCvlmJA==",
      "cpu": [
        "arm64"
      ],
      "optional": true,
      "os": [
        "android"
      ],
      "engines": {
        "node": ">= 10"
      }
    },
    "node_modules/@napi-rs/canvas-darwin-arm64": {
      "version": "0.1.36",
      "resolved": "https://registry.npmjs.org/@napi-rs/canvas-darwin-arm64/-/canvas-darwin-arm64-0.1.36.tgz",
      "integrity": "sha512-XBVuzgLsONPUSRIFv2j+rEqncunAsji3V9OTE3Z6dyzncKujDlVFPSoMW0CJrOUlx4/3jOxghd3Ay6j08+IM3w==",
      "cpu": [
        "arm64"
      ],
      "optional": true,
      "os": [
        "darwin"
      ],
      "engines": {
        "node": ">= 10"
      }
    },
    "node_modules/@napi-rs/canvas-darwin-x64": {
      "version": "0.1.36",
      "resolved": "https://registry.npmjs.org/@napi-rs/canvas-darwin-x64/-/canvas-darwin-x64-0.1.36.tgz",
      "integrity": "sha512-itOfaF//oegdszEHiZIS/mJhDjM6ozJa3ugBY8GGK7SK/Xc5oKIy4X9MhDesGG7P1DYmbCYloG872Jey7vYO6A==",
      "cpu": [
        "x64"
      ],
      "optional": true,
      "os": [
        "darwin"
      ],
      "engines": {
        "node": ">= 10"
      }
    },
    "node_modules/@napi-rs/canvas-linux-arm-gnueabihf": {
      "version": "0.1.36",
      "resolved": "https://registry.npmjs.org/@napi-rs/canvas-linux-arm-gnueabihf/-/canvas-linux-arm-gnueabihf-0.1.36.tgz",
      "integrity": "sha512-MY+lcTjW9gC0Wn2fnK+L8xS7YIOGsH//Kp6JPuFBq1ZOUeGTgFCKd861fHOYivQjxjqQIXa04Puuo3rL2Hz+xA==",
      "cpu": [
        "arm"
      ],
      "optional": true,
      "os": [
        "linux"
      ],
      "engines": {
        "node": ">= 10"
      }
    },
    "node_modules/@napi-rs/canvas-linux-arm64-gnu": {
      "version": "0.1.36",
      "resolved": "https://registry.npmjs.org/@napi-rs/canvas-linux-arm64-gnu/-/canvas-linux-arm64-gnu-0.1.36.tgz",
      "integrity": "sha512-unYcjQ3Q06Jc6nnf7XSTOZZ3UnzOZ1OQ/1jEwV8d8Z4cS+mmGZI0jXmIEobF0DJuLqSZpPBAmfEz3jWFbIYmqQ==",
      "cpu": [
        "arm64"
      ],
      "hasInstallScript": true,
      "optional": true,
      "os": [
        "linux"
      ],
      "engines": {
        "node": ">= 10"
      }
    },
    "node_modules/@napi-rs/canvas-linux-arm64-musl": {
      "version": "0.1.36",
      "resolved": "https://registry.npmjs.org/@napi-rs/canvas-linux-arm64-musl/-/canvas-linux-arm64-musl-0.1.36.tgz",
      "integrity": "sha512-VTrHFAMsFejzcVysd88dT5M21/4BbUdpU9j71BztBVrkuOy1f3E7/fxVvhWrpryI9i6WXRIFR/Ldz4J8o67eKA==",
      "cpu": [
        "arm64"
      ],
      "hasInstallScript": true,
      "optional": true,
      "os": [
        "linux"
      ],
      "engines": {
        "node": ">= 10"
      }
    },
    "node_modules/@napi-rs/canvas-linux-x64-gnu": {
      "version": "0.1.36",
      "resolved": "https://registry.npmjs.org/@napi-rs/canvas-linux-x64-gnu/-/canvas-linux-x64-gnu-0.1.36.tgz",
      "integrity": "sha512-eI+AaBWMtTSUU+/tTKtK6lfKuSsjM6SXgSW0nTxX1RHMbtmY6Ubb1imBy3M1ZZviRVQRftWJlbOzfvV791DQzg==",
      "cpu": [
        "x64"
      ],
      "hasInstallScript": true,
      "optional": true,
      "os": [
        "linux"
      ],
      "engines": {
        "node": ">= 10"
      }
    },
    "node_modules/@napi-rs/canvas-linux-x64-musl": {
      "version": "0.1.36",
      "resolved": "https://registry.npmjs.org/@napi-rs/canvas-linux-x64-musl/-/canvas-linux-x64-musl-0.1.36.tgz",
      "integrity": "sha512-6sge1ItQdRniatoct4skNJ3HBepdopuhQyxLRyAADNqV1WUNsxBkIUmy5UMb5B4jS+tO5vyXh2wL+KoM6A5h9Q==",
      "cpu": [
        "x64"
      ],
      "hasInstallScript": true,
      "optional": true,
      "os": [
        "linux"
      ],
      "engines": {
        "node": ">= 10"
      }
    },
    "node_modules/@napi-rs/canvas-win32-x64-msvc": {
      "version": "0.1.36",
      "resolved": "https://registry.npmjs.org/@napi-rs/canvas-win32-x64-msvc/-/canvas-win32-x64-msvc-0.1.36.tgz",
      "integrity": "sha512-NefOSSOBFY7DZXgoMWFTxOPqwb9Qsq8hq9N6cq2KMskyadPP6UlUaLgz4SHK2KzFAwKPJaerhQZ/u/UaZxs9wQ==",
      "cpu": [
        "x64"
      ],
      "optional": true,
      "os": [
        "win32"
      ],
      "engines": {
        "node": ">= 10"
      }
    },
    "node_modules/fsevents": {
      "version": "2.3.2",
      "resolved": "https://registry.npmjs.org/fsevents/-/fsevents-2.3.2.tgz",
      "integrity": "sha512-xiqMQR4xAeHTuB9uWm+fFRcIOgKBMiOBP+eXiyT7jsgVCq1bkVygt00oASowB7EdtpOHaaPgKt812P9ab+DDKA==",
      "dev": true,
      "optional": true,
      "os": [
        "darwin"
      ],
      "engines": {
        "node": "^8.16.0 || ^10.6.0 || >=11.0.0"
      }
    },
    "node_modules/rollup": {
      "version": "3.17.2",
      "resolved": "https://registry.npmjs.org/rollup/-/rollup-3.17.2.tgz",
      "integrity": "sha512-qMNZdlQPCkWodrAZ3qnJtvCAl4vpQ8q77uEujVCCbC/6CLB7Lcmvjq7HyiOSnf4fxTT9XgsE36oLHJBH49xjqA==",
      "dev": true,
      "bin": {
        "rollup": "dist/bin/rollup"
      },
      "engines": {
        "node": ">=14.18.0",
        "npm": ">=8.0.0"
      },
      "optionalDependencies": {
        "fsevents": "~2.3.2"
      }
    }
  },
  "dependencies": {
    "@napi-rs/canvas": {
      "version": "0.1.36",
      "resolved": "https://registry.npmjs.org/@napi-rs/canvas/-/canvas-0.1.36.tgz",
      "integrity": "sha512-jOrCoMVaBHL7v2053/QxasbqReoZ7P9DOq9jZ8D/M1sbKtuQoR2uRHsX35A8WMAm9yNdiAKgFwKswp3kkKf91w==",
      "requires": {
        "@napi-rs/canvas-android-arm64": "0.1.36",
        "@napi-rs/canvas-darwin-arm64": "0.1.36",
        "@napi-rs/canvas-darwin-x64": "0.1.36",
        "@napi-rs/canvas-linux-arm-gnueabihf": "0.1.36",
        "@napi-rs/canvas-linux-arm64-gnu": "0.1.36",
        "@napi-rs/canvas-linux-arm64-musl": "0.1.36",
        "@napi-rs/canvas-linux-x64-gnu": "0.1.36",
        "@napi-rs/canvas-linux-x64-musl": "0.1.36",
        "@napi-rs/canvas-win32-x64-msvc": "0.1.36"
      }
    },
    "@napi-rs/canvas-android-arm64": {
      "version": "0.1.36",
      "resolved": "https://registry.npmjs.org/@napi-rs/canvas-android-arm64/-/canvas-android-arm64-0.1.36.tgz",
      "integrity": "sha512-kXlpdN/xMjqi6sOcXqgtYEKS5kAb9grneNG/xc5od5RqZ9SktTK+BG8cTkoLx9tbdk5ByHOXrcaY1ckkCvlmJA==",
      "optional": true
    },
    "@napi-rs/canvas-darwin-arm64": {
      "version": "0.1.36",
      "resolved": "https://registry.npmjs.org/@napi-rs/canvas-darwin-arm64/-/canvas-darwin-arm64-0.1.36.tgz",
      "integrity": "sha512-XBVuzgLsONPUSRIFv2j+rEqncunAsji3V9OTE3Z6dyzncKujDlVFPSoMW0CJrOUlx4/3jOxghd3Ay6j08+IM3w==",
      "optional": true
    },
    "@napi-rs/canvas-darwin-x64": {
      "version": "0.1.36",
      "resolved": "https://registry.npmjs.org/@napi-rs/canvas-darwin-x64/-/canvas-darwin-x64-0.1.36.tgz",
      "integrity": "sha512-itOfaF//oegdszEHiZIS/mJhDjM6ozJa3ugBY8GGK7SK/Xc5oKIy4X9MhDesGG7P1DYmbCYloG872Jey7vYO6A==",
      "optional": true
    },
    "@napi-rs/canvas-linux-arm-gnueabihf": {
      "version": "0.1.36",
      "resolved": "https://registry.npmjs.org/@napi-rs/canvas-linux-arm-gnueabihf/-/canvas-linux-arm-gnueabihf-0.1.36.tgz",
      "integrity": "sha512-MY+lcTjW9gC0Wn2fnK+L8xS7YIOGsH//Kp6JPuFBq1ZOUeGTgFCKd861fHOYivQjxjqQIXa04Puuo3rL2Hz+xA==",
      "optional": true
    },
    "@napi-rs/canvas-linux-arm64-gnu": {
      "version": "0.1.36",
      "resolved": "https://registry.npmjs.org/@napi-rs/canvas-linux-arm64-gnu/-/canvas-linux-arm64-gnu-0.1.36.tgz",
      "integrity": "sha512-unYcjQ3Q06Jc6nnf7XSTOZZ3UnzOZ1OQ/1jEwV8d8Z4cS+mmGZI0jXmIEobF0DJuLqSZpPBAmfEz3jWFbIYmqQ==",
      "optional": true
    },
    "@napi-rs/canvas-linux-arm64-musl": {
      "version": "0.1.36",
      "resolved": "https://registry.npmjs.org/@napi-rs/canvas-linux-arm64-musl/-/canvas-linux-arm64-musl-0.1.36.tgz",
      "integrity": "sha512-VTrHFAMsFejzcVysd88dT5M21/4BbUdpU9j71BztBVrkuOy1f3E7/fxVvhWrpryI9i6WXRIFR/Ldz4J8o67eKA==",
      "optional": true
    },
    "@napi-rs/canvas-linux-x64-gnu": {
      "version": "0.1.36",
      "resolved": "https://registry.npmjs.org/@napi-rs/canvas-linux-x64-gnu/-/canvas-linux-x64-gnu-0.1.36.tgz",
      "integrity": "sha512-eI+AaBWMtTSUU+/tTKtK6lfKuSsjM6SXgSW0nTxX1RHMbtmY6Ubb1imBy3M1ZZviRVQRftWJlbOzfvV791DQzg==",
      "optional": true
    },
    "@napi-rs/canvas-linux-x64-musl": {
      "version": "0.1.36",
      "resolved": "https://registry.npmjs.org/@napi-rs/canvas-linux-x64-musl/-/canvas-linux-x64-musl-0.1.36.tgz",
      "integrity": "sha512-6sge1ItQdRniatoct4skNJ3HBepdopuhQyxLRyAADNqV1WUNsxBkIUmy5UMb5B4jS+tO5vyXh2wL+KoM6A5h9Q==",
      "optional": true
    },
    "@napi-rs/canvas-win32-x64-msvc": {
      "version": "0.1.36",
      "resolved": "https://registry.npmjs.org/@napi-rs/canvas-win32-x64-msvc/-/canvas-win32-x64-msvc-0.1.36.tgz",
      "integrity": "sha512-NefOSSOBFY7DZXgoMWFTxOPqwb9Qsq8hq9N6cq2KMskyadPP6UlUaLgz4SHK2KzFAwKPJaerhQZ/u/UaZxs9wQ==",
      "optional": true
    },
    "fsevents": {
      "version": "2.3.2",
      "resolved": "https://registry.npmjs.org/fsevents/-/fsevents-2.3.2.tgz",
      "integrity": "sha512-xiqMQR4xAeHTuB9uWm+fFRcIOgKBMiOBP+eXiyT7jsgVCq1bkVygt00oASowB7EdtpOHaaPgKt812P9ab+DDKA==",
      "dev": true,
      "optional": true
    },
    "rollup": {
      "version": "3.17.2",
      "resolved": "https://registry.npmjs.org/rollup/-/rollup-3.17.2.tgz",
      "integrity": "sha512-qMNZdlQPCkWodrAZ3qnJtvCAl4vpQ8q77uEujVCCbC/6CLB7Lcmvjq7HyiOSnf4fxTT9XgsE36oLHJBH49xjqA==",
      "dev": true,
      "requires": {
        "fsevents": "~2.3.2"
      }
    }
  }
}
